
Microsoft Visual Studio Solution File, Format Version 12.00
# Visual Studio 15
VisualStudioVersion = 15.0.26206.0
MinimumVisualStudioVersion = 10.0.40219.1
Project("{FAE04EC0-301F-11D3-BF4B-00C04F79EFBC}") = "WalletRecovery", "WalletRecovery\WalletRecovery.csproj", "{ABB0FB85-3886-4E89-AFFD-90764EF81EFA}"
EndProject
Global
	GlobalSection(SolutionConfigurationPlatforms) = preSolution
		Debug|Any CPU = Debug|Any CPU
		Release|Any CPU = Release|Any CPU
	EndGlobalSection
	GlobalSection(ProjectConfigurationPlatforms) = postSolution
		{ABB0FB85-3886-4E89-AFFD-90764EF81EFA}.Debug|Any CPU.ActiveCfg = Debug|Any CPU
		{ABB0FB85-3886-4E89-AFFD-90764EF81EFA}.Debug|Any CPU.Build.0 = Debug|Any CPU
		{ABB0FB85-3886-4E89-AFFD-90764EF81EFA}.Release|Any CPU.ActiveCfg = Release|Any CPU
		{ABB0FB85-3886-4E89-AFFD-90764EF81EFA}.Release|Any CPU.Build.0 = Release|Any CPU
	EndGlobalSection
	GlobalSection(SolutionProperties) = preSolution
		HideSolutionNode = FALSE
	EndGlobalSection
EndGlobal
